<?xml version="1.0" encoding="utf-8"?>
<Project ToolsVersion="4.0" xmlns="http://schemas.microsoft.com/developer/msbuild/2003">
  <ItemGroup>
    <Filter Include="Source Files">
      <UniqueIdentifier>{4FC737F1-C7A5-4376-A066-2A32D752A2FF}</UniqueIdentifier>
      <Extensions>cpp;c;cc;cxx;def;odl;idl;hpj;bat;asm;asmx</Extensions>
    </Filter>
    <Filter Include="Header Files">
      <UniqueIdentifier>{93995380-89BD-4b04-88EB-625FBE52EBFB}</UniqueIdentifier>
      <Extensions>h;hh;hpp;hxx;hm;inl;inc;ipp;xsd</Extensions>
    </Filter>
    <Filter Include="Resource Files">
      <UniqueIdentifier>{67DA6AB6-F800-4c08-8B7A-83BB121AAD01}</UniqueIdentifier>
      <Extensions>rc;ico;cur;bmp;dlg;rc2;rct;bin;rgs;gif;jpg;jpeg;jpe;resx;tiff;tif;png;wav;mfcribbon-ms</Extensions>
    </Filter>
    <Filter Include="Source Files\Framework Source">
      <UniqueIdentifier>{93e4db3c-caef-439f-b55b-f8a80bb05b5c}</UniqueIdentifier>
    </Filter>
    <Filter Include="Header Files\Framework Header">
      <UniqueIdentifier>{7cf04748-fdc7-49d7-9dc9-6ae5e886cc32}</UniqueIdentifier>
    </Filter>
    <Filter Include="Source Files\World Objects">
      <UniqueIdentifier>{3b6c3b7e-7709-4f6b-b531-43d68233952c}</UniqueIdentifier>
    </Filter>
    <Filter Include="Header Files\World Objects">
      <UniqueIdentifier>{270f3071-35ff-4e74-bda2-40c1cc34bff8}</UniqueIdentifier>
    </Filter>
    <Filter Include="Header Files\3D Components">
      <UniqueIdentifier>{daf17af6-74e8-4a54-8197-0c23bcda7c21}</UniqueIdentifier>
    </Filter>
    <Filter Include="Source Files\3D Components">
      <UniqueIdentifier>{934f32cd-bb6b-446b-abc1-17074487eba9}</UniqueIdentifier>
    </Filter>
    <Filter Include="Source Files\XInput">
      <UniqueIdentifier>{ede6373d-2422-4b28-b092-2cba8950a325}</UniqueIdentifier>
    </Filter>
    <Filter Include="Header Files\XInput">
      <UniqueIdentifier>{81a02aae-05e7-486e-84a9-050fbe5b488c}</UniqueIdentifier>
    </Filter>
  </ItemGroup>
  <ItemGroup>
    <ClCompile Include="main.cpp">
      <Filter>Source Files</Filter>
    </ClCompile>
    <ClCompile Include="Functions.cpp">
      <Filter>Source Files</Filter>
    </ClCompile>
    <ClCompile Include="MyScene.cpp">
      <Filter>Source Files</Filter>
    </ClCompile>
    <ClCompile Include="Framework\Utility\Camera.cpp">
      <Filter>Source Files\Framework Source</Filter>
    </ClCompile>
    <ClCompile Include="Framework\Engine\Engine.cpp">
      <Filter>Source Files\Framework Source</Filter>
    </ClCompile>
    <ClCompile Include="Framework\Engine\Scene.cpp">
      <Filter>Source Files\Framework Source</Filter>
    </ClCompile>
    <ClCompile Include="Framework\Utility\Texture.cpp">
      <Filter>Source Files\Framework Source</Filter>
    </ClCompile>
    <ClCompile Include="WorldObject.cpp">
      <Filter>Source Files\World Objects</Filter>
    </ClCompile>
    <ClCompile Include="Cube.cpp">
      <Filter>Source Files\World Objects</Filter>
    </ClCompile>
    <ClCompile Include="MySphere.cpp">
      <Filter>Source Files\World Objects</Filter>
    </ClCompile>
    <ClCompile Include="Tetrahedron.cpp">
      <Filter>Source Files\World Objects</Filter>
    </ClCompile>
    <ClCompile Include="RandomPoly.cpp">
      <Filter>Source Files\World Objects</Filter>
    </ClCompile>
    <ClCompile Include="Triangle.cpp">
      <Filter>Source Files\3D Components</Filter>
    </ClCompile>
    <ClCompile Include="Vertex.cpp">
      <Filter>Source Files\3D Components</Filter>
    </ClCompile>
    <ClCompile Include="ObjectFileReader.cpp">
      <Filter>Source Files</Filter>
    </ClCompile>
    <ClCompile Include="XInputController.cpp">
      <Filter>Source Files\XInput</Filter>
    </ClCompile>
  </ItemGroup>
  <ItemGroup>
    <ClInclude Include="MyScene.h">
      <Filter>Header Files</Filter>
    </ClInclude>
    <ClInclude Include="Functions.h">
      <Filter>Header Files</Filter>
    </ClInclude>
    <ClInclude Include="Framework\Interface\Animation.h">
      <Filter>Header Files\Framework Header</Filter>
    </ClInclude>
    <ClInclude Include="Framework\Utility\Camera.h">
      <Filter>Header Files\Framework Header</Filter>
    </ClInclude>
    <ClInclude Include="Framework\Interface\DisplayableObject.h">
      <Filter>Header Files\Framework Header</Filter>
    </ClInclude>
    <ClInclude Include="Framework\Engine\Engine.h">
      <Filter>Header Files\Framework Header</Filter>
    </ClInclude>
    <ClInclude Include="Framework\Interface\Input.h">
      <Filter>Header Files\Framework Header</Filter>
    </ClInclude>
    <ClInclude Include="Framework\Engine\Scene.h">
      <Filter>Header Files\Framework Header</Filter>
    </ClInclude>
    <ClInclude Include="Framework\Utility\Texture.h">
      <Filter>Header Files\Framework Header</Filter>
    </ClInclude>
    <ClInclude Include="Framework\Utility\VectorMath.h">
      <Filter>Header Files\Framework Header</Filter>
    </ClInclude>
    <ClInclude Include="Cube.h">
      <Filter>Header Files\World Objects</Filter>
    </ClInclude>
    <ClInclude Include="MySphere.h">
      <Filter>Header Files\World Objects</Filter>
    </ClInclude>
    <ClInclude Include="Tetrahedron.h">
      <Filter>Header Files\World Objects</Filter>
    </ClInclude>
    <ClInclude Include="RandomPoly.h">
      <Filter>Header Files\World Objects</Filter>
    </ClInclude>
    <ClInclude Include="WorldObject.h">
      <Filter>Header Files\World Objects</Filter>
    </ClInclude>
    <ClInclude Include="Triangle.h">
      <Filter>Header Files\3D Components</Filter>
    </ClInclude>
    <ClInclude Include="Vertex.h">
      <Filter>Header Files\3D Components</Filter>
    </ClInclude>
    <ClInclude Include="ObjectFileReader.h">
      <Filter>Header Files</Filter>
    </ClInclude>
    <ClInclude Include="XInputController.h">
      <Filter>Header Files\XInput</Filter>
    </ClInclude>
  </ItemGroup>
</Project>